
Microsoft Visual Studio Solution File, Format Version 12.00
# Visual Studio Version 17
VisualStudioVersion = 17.4.33213.308
MinimumVisualStudioVersion = 10.0.40219.1
Project("{FAE04EC0-301F-11D3-BF4B-00C04F79EFBC}") = "JogoXadrez-Console", "JogoXadrez-Console\JogoXadrez-Console.csproj", "{BD623499-EA44-4E22-B42E-504C753BEB77}"
EndProject
Global
	GlobalSection(SolutionConfigurationPlatforms) = preSolution
		Debug|Any CPU = Debug|Any CPU
		Release|Any CPU = Release|Any CPU
	EndGlobalSection
	GlobalSection(ProjectConfigurationPlatforms) = postSolution
		{BD623499-EA44-4E22-B42E-504C753BEB77}.Debug|Any CPU.ActiveCfg = Debug|Any CPU
		{BD623499-EA44-4E22-B42E-504C753BEB77}.Debug|Any CPU.Build.0 = Debug|Any CPU
		{BD623499-EA44-4E22-B42E-504C753BEB77}.Release|Any CPU.ActiveCfg = Release|Any CPU
		{BD623499-EA44-4E22-B42E-504C753BEB77}.Release|Any CPU.Build.0 = Release|Any CPU
	EndGlobalSection
	GlobalSection(SolutionProperties) = preSolution
		HideSolutionNode = FALSE
	EndGlobalSection
	GlobalSection(ExtensibilityGlobals) = postSolution
		SolutionGuid = {6A267F1E-6ED5-47FB-9B64-FDA21F59EB03}
	EndGlobalSection
EndGlobal
